
Microsoft Visual Studio Solution File, Format Version 12.00
# Visual Studio Version 17
VisualStudioVersion = 17.10.35027.167
MinimumVisualStudioVersion = 10.0.40219.1
Project("{9A19103F-16F7-4668-BE54-9A1E7A4F7556}") = "Badger", "Badger.csproj", "{0D31C1F5-2FA0-4598-91C3-D2214B049FA7}"
EndProject
Global
	GlobalSection(SolutionConfigurationPlatforms) = preSolution
		Debug|Any CPU = Debug|Any CPU
		Release|Any CPU = Release|Any CPU
	EndGlobalSection
	GlobalSection(ProjectConfigurationPlatforms) = postSolution
		{0D31C1F5-2FA0-4598-91C3-D2214B049FA7}.Debug|Any CPU.ActiveCfg = Debug|Any CPU
		{0D31C1F5-2FA0-4598-91C3-D2214B049FA7}.Debug|Any CPU.Build.0 = Debug|Any CPU
		{0D31C1F5-2FA0-4598-91C3-D2214B049FA7}.Release|Any CPU.ActiveCfg = Debug|Any CPU
		{0D31C1F5-2FA0-4598-91C3-D2214B049FA7}.Release|Any CPU.Build.0 = Debug|Any CPU
	EndGlobalSection
	GlobalSection(SolutionProperties) = preSolution
		HideSolutionNode = FALSE
	EndGlobalSection
	GlobalSection(ExtensibilityGlobals) = postSolution
		SolutionGuid = {CF80A2B6-7C43-4B52-B8D1-C042FC1E28BE}
	EndGlobalSection
EndGlobal
